
Microsoft Visual Studio Solution File, Format Version 12.00
# Visual Studio 15
VisualStudioVersion = 15.0.28307.779
MinimumVisualStudioVersion = 10.0.40219.1
Project("{FAE04EC0-301F-11D3-BF4B-00C04F79EFBC}") = "WireBrain", "WireBrain\WireBrain.csproj", "{6CB5C402-BDCF-4AA7-9552-89D532F86237}"
EndProject
Global
	GlobalSection(SolutionConfigurationPlatforms) = preSolution
		Debug|Any CPU = Debug|Any CPU
		Release|Any CPU = Release|Any CPU
	EndGlobalSection
	GlobalSection(ProjectConfigurationPlatforms) = postSolution
		{6CB5C402-BDCF-4AA7-9552-89D532F86237}.Debug|Any CPU.ActiveCfg = Debug|Any CPU
		{6CB5C402-BDCF-4AA7-9552-89D532F86237}.Debug|Any CPU.Build.0 = Debug|Any CPU
		{6CB5C402-BDCF-4AA7-9552-89D532F86237}.Release|Any CPU.ActiveCfg = Release|Any CPU
		{6CB5C402-BDCF-4AA7-9552-89D532F86237}.Release|Any CPU.Build.0 = Release|Any CPU
	EndGlobalSection
	GlobalSection(SolutionProperties) = preSolution
		HideSolutionNode = FALSE
	EndGlobalSection
	GlobalSection(ExtensibilityGlobals) = postSolution
		SolutionGuid = {540E8CE5-74E5-4040-9CE9-7B3F8AE98378}
	EndGlobalSection
EndGlobal
